<?xml version="1.0" encoding="utf-8"?>
<Project ToolsVersion="4.0" xmlns="http://schemas.microsoft.com/developer/msbuild/2003">
  <ItemGroup>
    <Filter Include="Source Files">
      <UniqueIdentifier>{4FC737F1-C7A5-4376-A066-2A32D752A2FF}</UniqueIdentifier>
      <Extensions>cpp;c;cc;cxx;c++;cppm;ixx;def;odl;idl;hpj;bat;asm;asmx</Extensions>
    </Filter>
    <Filter Include="Header Files">
      <UniqueIdentifier>{93995380-89BD-4b04-88EB-625FBE52EBFB}</UniqueIdentifier>
      <Extensions>h;hh;hpp;hxx;h++;hm;inl;inc;ipp;xsd</Extensions>
    </Filter>
    <Filter Include="Resource Files">
      <UniqueIdentifier>{67DA6AB6-F800-4c08-8B7A-83BB121AAD01}</UniqueIdentifier>
      <Extensions>rc;ico;cur;bmp;dlg;rc2;rct;bin;rgs;gif;jpg;jpeg;jpe;resx;tiff;tif;png;wav;mfcribbon-ms</Extensions>
    </Filter>
    <Filter Include="Source Files\Shaders">
      <UniqueIdentifier>{fa624a77-808c-42d2-bfd5-35332203dccb}</UniqueIdentifier>
    </Filter>
    <Filter Include="Source Files\Planet">
      <UniqueIdentifier>{a1662058-52b7-4dba-b93e-50d1037b8df2}</UniqueIdentifier>
    </Filter>
    <Filter Include="Header Files\Planet">
      <UniqueIdentifier>{6e60b12f-0cc2-49c1-98c0-b5e41c7ce468}</UniqueIdentifier>
    </Filter>
    <Filter Include="Header Files\Palette">
      <UniqueIdentifier>{babe50f1-7fe4-4054-ad95-724e96417d79}</UniqueIdentifier>
    </Filter>
    <Filter Include="Source Files\Palette">
      <UniqueIdentifier>{ffdcf585-0d23-4a81-9320-177d8fb87ae9}</UniqueIdentifier>
    </Filter>
    <Filter Include="Header Files\Terrain">
      <UniqueIdentifier>{7b86977c-62a7-4807-94e6-8dacdb381926}</UniqueIdentifier>
    </Filter>
    <Filter Include="Source Files\Terrain">
      <UniqueIdentifier>{2899b781-2762-4ece-b8d8-7fece5d96830}</UniqueIdentifier>
    </Filter>
    <Filter Include="Header Files\Planet Traits">
      <UniqueIdentifier>{2c80c96e-2c60-4f8f-9b03-707f6207c473}</UniqueIdentifier>
    </Filter>
  </ItemGroup>
  <ItemGroup>
    <None Include="packages.config" />
    <None Include="main.frag">
      <Filter>Source Files\Shaders</Filter>
    </None>
    <None Include="main.vert">
      <Filter>Source Files\Shaders</Filter>
    </None>
    <None Include="pixelation.frag">
      <Filter>Source Files\Shaders</Filter>
    </None>
    <None Include="pixelation.vert">
      <Filter>Source Files\Shaders</Filter>
    </None>
  </ItemGroup>
  <ItemGroup>
    <ClCompile Include="Main.cpp">
      <Filter>Source Files</Filter>
    </ClCompile>
    <ClCompile Include="Camera.cpp">
      <Filter>Source Files</Filter>
    </ClCompile>
    <ClCompile Include="Renderer.cpp">
      <Filter>Source Files</Filter>
    </ClCompile>
    <ClCompile Include="Planet.cpp">
      <Filter>Source Files\Planet</Filter>
    </ClCompile>
    <ClCompile Include="CubeFace.cpp">
      <Filter>Source Files\Planet</Filter>
    </ClCompile>
    <ClCompile Include="PostProcessor.cpp">
      <Filter>Source Files</Filter>
    </ClCompile>
    <ClCompile Include="PaletteGenerator.cpp">
      <Filter>Source Files\Palette</Filter>
    </ClCompile>
    <ClCompile Include="PaletteManager.cpp">
      <Filter>Source Files\Palette</Filter>
    </ClCompile>
    <ClCompile Include="Randomiser.cpp">
      <Filter>Source Files</Filter>
    </ClCompile>
    <ClCompile Include="SurfaceGenerator.cpp">
      <Filter>Source Files\Terrain</Filter>
    </ClCompile>
  </ItemGroup>
  <ItemGroup>
    <ClInclude Include="Camera.h">
      <Filter>Header Files</Filter>
    </ClInclude>
    <ClInclude Include="Renderer.h">
      <Filter>Header Files</Filter>
    </ClInclude>
    <ClInclude Include="Shader.h">
      <Filter>Header Files</Filter>
    </ClInclude>
    <ClInclude Include="Util.h">
      <Filter>Header Files</Filter>
    </ClInclude>
    <ClInclude Include="Planet.h">
      <Filter>Header Files\Planet</Filter>
    </ClInclude>
    <ClInclude Include="CubeFace.h">
      <Filter>Header Files\Planet</Filter>
    </ClInclude>
    <ClInclude Include="PostProcessor.h">
      <Filter>Header Files</Filter>
    </ClInclude>
    <ClInclude Include="SurfaceGenerator.h">
      <Filter>Header Files\Terrain</Filter>
    </ClInclude>
    <ClInclude Include="PaletteGenerator.h">
      <Filter>Header Files\Palette</Filter>
    </ClInclude>
    <ClInclude Include="PaletteManager.h">
      <Filter>Header Files\Palette</Filter>
    </ClInclude>
    <ClInclude Include="Palette.h">
      <Filter>Header Files\Palette</Filter>
    </ClInclude>
    <ClInclude Include="Randomiser.h">
      <Filter>Header Files</Filter>
    </ClInclude>
    <ClInclude Include="Satellite.h">
      <Filter>Header Files\Planet Traits</Filter>
    </ClInclude>
  </ItemGroup>
</Project>